
Microsoft Visual Studio Solution File, Format Version 12.00
# Visual Studio Version 17
VisualStudioVersion = 17.5.33516.290
MinimumVisualStudioVersion = 10.0.40219.1
Project("{FAE04EC0-301F-11D3-BF4B-00C04F79EFBC}") = "AdminServerBackend", "AdminServerBackend.csproj", "{228C0BED-9953-4CEF-A639-71FE375A9CCD}"
EndProject
Global
	GlobalSection(SolutionConfigurationPlatforms) = preSolution
		Debug|Any CPU = Debug|Any CPU
		Release|Any CPU = Release|Any CPU
	EndGlobalSection
	GlobalSection(ProjectConfigurationPlatforms) = postSolution
		{228C0BED-9953-4CEF-A639-71FE375A9CCD}.Debug|Any CPU.ActiveCfg = Debug|Any CPU
		{228C0BED-9953-4CEF-A639-71FE375A9CCD}.Debug|Any CPU.Build.0 = Debug|Any CPU
		{228C0BED-9953-4CEF-A639-71FE375A9CCD}.Release|Any CPU.ActiveCfg = Release|Any CPU
		{228C0BED-9953-4CEF-A639-71FE375A9CCD}.Release|Any CPU.Build.0 = Release|Any CPU
	EndGlobalSection
	GlobalSection(SolutionProperties) = preSolution
		HideSolutionNode = FALSE
	EndGlobalSection
	GlobalSection(ExtensibilityGlobals) = postSolution
		SolutionGuid = {ACF42B9D-C252-4F1E-A494-6694D40537B1}
	EndGlobalSection
EndGlobal
